{
  "name": "wholesome-chat-xji650",
  "lockfileVersion": 3,
  "requires": true,
  "packages": {
    "": {
      "dependencies": {
        "canvas-confetti": "^1.9.3"
      },
      "devDependencies": {
        "@types/canvas-confetti": "^1.9.0"
      }
    },
    "node_modules/@types/canvas-confetti": {
      "version": "1.9.0",
      "resolved": "https://registry.npmjs.org/@types/canvas-confetti/-/canvas-confetti-1.9.0.tgz",
      "integrity": "sha512-aBGj/dULrimR1XDZLtG9JwxX1b4HPRF6CX9Yfwh3NvstZEm1ZL7RBnel4keCPSqs1ANRu1u2Aoz9R+VmtjYuTg==",
      "dev": true,
      "license": "MIT"
    },
    "node_modules/canvas-confetti": {
      "version": "1.9.3",
      "resolved": "https://registry.npmjs.org/canvas-confetti/-/canvas-confetti-1.9.3.tgz",
      "integrity": "sha512-rFfTURMvmVEX1gyXFgn5QMn81bYk70qa0HLzcIOSVEyl57n6o9ItHeBtUSWdvKAPY0xlvBHno4/v3QPrT83q9g==",
      "license": "ISC",
      "funding": {
        "type": "donate",
        "url": "https://www.paypal.me/kirilvatev"
      }
    }
  }
}
